{
    "name": "vscode-svn",
    "version": "0.0.8",
    "lockfileVersion": 1,
    "requires": true,
    "dependencies": {
        "node-svn": {
            "version": "https://github.com/yume-chan/node-svn/releases/download/v0.0.1-alpha/node-svn-0.0.1.tgz",
            "integrity": "sha1-FCS8DYB/y+AjjyUId/SVjM9quHY=",
            "requires": {
                "xml2js": "0.4.19"
            },
            "dependencies": {
                "sax": {
                    "version": "1.2.4",
                    "bundled": true
                },
                "xml2js": {
                    "version": "0.4.19",
                    "bundled": true,
                    "requires": {
                        "sax": "1.2.4",
                        "xmlbuilder": "9.0.4"
                    }
                },
                "xmlbuilder": {
                    "version": "9.0.4",
                    "bundled": true
                }
            }
        }
    }
}
